// !$*UTF8*$!
{
	archiveVersion = 1;
	classes = {
	};
	objectVersion = 46;
	objects = {

/* Begin PBXBuildFile section */
		1416D0B619CF730D00F68BDE /* NSManagedObjectContext+COAdditions.swift in Sources */ = {isa = PBXBuildFile; fileRef = 1416D0B519CF730D00F68BDE /* NSManagedObjectContext+COAdditions.swift */; };
		1416D0B819CF830700F68BDE /* COOperation.swift in Sources */ = {isa = PBXBuildFile; fileRef = 1416D0B719CF830700F68BDE /* COOperation.swift */; };
		145124A919CF1016002AC72A /* main.swift in Sources */ = {isa = PBXBuildFile; fileRef = 145124A819CF1016002AC72A /* main.swift */; };
		145124AB19CF1016002AC72A /* AppDelegate.swift in Sources */ = {isa = PBXBuildFile; fileRef = 145124AA19CF1016002AC72A /* AppDelegate.swift */; };
		145124AE19CF1016002AC72A /* Concerto_Swift.xcdatamodeld in Sources */ = {isa = PBXBuildFile; fileRef = 145124AC19CF1016002AC72A /* Concerto_Swift.xcdatamodeld */; };
		145124B019CF1016002AC72A /* Images.xcassets in Resources */ = {isa = PBXBuildFile; fileRef = 145124AF19CF1016002AC72A /* Images.xcassets */; };
		145124B319CF1016002AC72A /* MainMenu.xib in Resources */ = {isa = PBXBuildFile; fileRef = 145124B119CF1016002AC72A /* MainMenu.xib */; };
		145124BF19CF1016002AC72A /* Concerto_SwiftTests.swift in Sources */ = {isa = PBXBuildFile; fileRef = 145124BE19CF1016002AC72A /* Concerto_SwiftTests.swift */; };
		145124C919CF10A5002AC72A /* COTableView.swift in Sources */ = {isa = PBXBuildFile; fileRef = 145124C819CF10A5002AC72A /* COTableView.swift */; };
		145124CD19CF2544002AC72A /* AVFoundation.framework in Frameworks */ = {isa = PBXBuildFile; fileRef = 145124CB19CF2544002AC72A /* AVFoundation.framework */; };
		145124CE19CF2544002AC72A /* AVKit.framework in Frameworks */ = {isa = PBXBuildFile; fileRef = 145124CC19CF2544002AC72A /* AVKit.framework */; };
		145124D319CF339A002AC72A /* COPlayQueue.swift in Sources */ = {isa = PBXBuildFile; fileRef = 145124D219CF339A002AC72A /* COPlayQueue.swift */; };
		145124D719CF389A002AC72A /* Preferences.xib in Resources */ = {isa = PBXBuildFile; fileRef = 145124D619CF389A002AC72A /* Preferences.xib */; };
		145124D919CF3974002AC72A /* COPreferencesView.swift in Sources */ = {isa = PBXBuildFile; fileRef = 145124D819CF3974002AC72A /* COPreferencesView.swift */; };
		145124DF19CF4A1F002AC72A /* COViewController.swift in Sources */ = {isa = PBXBuildFile; fileRef = 145124DE19CF4A1F002AC72A /* COViewController.swift */; };
		145124E119CF4A34002AC72A /* COMainViewController.swift in Sources */ = {isa = PBXBuildFile; fileRef = 145124E019CF4A34002AC72A /* COMainViewController.swift */; };
		1486AD5F19CF6BD600FE77E9 /* COArtist.swift in Sources */ = {isa = PBXBuildFile; fileRef = 1486AD5E19CF6BD600FE77E9 /* COArtist.swift */; };
		1486AD6119CF6C0A00FE77E9 /* COSong.swift in Sources */ = {isa = PBXBuildFile; fileRef = 1486AD6019CF6C0A00FE77E9 /* COSong.swift */; };
		1498CA4419D6EE74003C6D1B /* Array+COExtensions.swift in Sources */ = {isa = PBXBuildFile; fileRef = 1498CA4319D6EE74003C6D1B /* Array+COExtensions.swift */; };
		1498CA4619D6EEE2003C6D1B /* Utilities.swift in Sources */ = {isa = PBXBuildFile; fileRef = 1498CA4519D6EEE2003C6D1B /* Utilities.swift */; };
/* End PBXBuildFile section */

/* Begin PBXContainerItemProxy section */
		145124B919CF1016002AC72A /* PBXContainerItemProxy */ = {
			isa = PBXContainerItemProxy;
			containerPortal = 1451249B19CF1016002AC72A /* Project object */;
			proxyType = 1;
			remoteGlobalIDString = 145124A219CF1016002AC72A;
			remoteInfo = "Concerto-Swift";
		};
/* End PBXContainerItemProxy section */

/* Begin PBXFileReference section */
		1416D0B519CF730D00F68BDE /* NSManagedObjectContext+COAdditions.swift */ = {isa = PBXFileReference; fileEncoding = 4; lastKnownFileType = sourcecode.swift; path = "NSManagedObjectContext+COAdditions.swift"; sourceTree = "<group>"; };
		1416D0B719CF830700F68BDE /* COOperation.swift */ = {isa = PBXFileReference; fileEncoding = 4; lastKnownFileType = sourcecode.swift; path = COOperation.swift; sourceTree = "<group>"; };
		145124A319CF1016002AC72A /* Concerto-Swift.app */ = {isa = PBXFileReference; explicitFileType = wrapper.application; includeInIndex = 0; path = "Concerto-Swift.app"; sourceTree = BUILT_PRODUCTS_DIR; };
		145124A719CF1016002AC72A /* Info.plist */ = {isa = PBXFileReference; lastKnownFileType = text.plist.xml; path = Info.plist; sourceTree = "<group>"; };
		145124A819CF1016002AC72A /* main.swift */ = {isa = PBXFileReference; lastKnownFileType = sourcecode.swift; path = main.swift; sourceTree = "<group>"; };
		145124AA19CF1016002AC72A /* AppDelegate.swift */ = {isa = PBXFileReference; lastKnownFileType = sourcecode.swift; path = AppDelegate.swift; sourceTree = "<group>"; };
		145124AD19CF1016002AC72A /* Concerto_Swift.xcdatamodel */ = {isa = PBXFileReference; lastKnownFileType = wrapper.xcdatamodel; path = Concerto_Swift.xcdatamodel; sourceTree = "<group>"; };
		145124AF19CF1016002AC72A /* Images.xcassets */ = {isa = PBXFileReference; lastKnownFileType = folder.assetcatalog; path = Images.xcassets; sourceTree = "<group>"; };
		145124B219CF1016002AC72A /* Base */ = {isa = PBXFileReference; lastKnownFileType = file.xib; name = Base; path = Base.lproj/MainMenu.xib; sourceTree = "<group>"; };
		145124B819CF1016002AC72A /* Concerto-SwiftTests.xctest */ = {isa = PBXFileReference; explicitFileType = wrapper.cfbundle; includeInIndex = 0; path = "Concerto-SwiftTests.xctest"; sourceTree = BUILT_PRODUCTS_DIR; };
		145124BD19CF1016002AC72A /* Info.plist */ = {isa = PBXFileReference; lastKnownFileType = text.plist.xml; path = Info.plist; sourceTree = "<group>"; };
		145124BE19CF1016002AC72A /* Concerto_SwiftTests.swift */ = {isa = PBXFileReference; lastKnownFileType = sourcecode.swift; path = Concerto_SwiftTests.swift; sourceTree = "<group>"; };
		145124C819CF10A5002AC72A /* COTableView.swift */ = {isa = PBXFileReference; fileEncoding = 4; lastKnownFileType = sourcecode.swift; path = COTableView.swift; sourceTree = "<group>"; };
		145124CB19CF2544002AC72A /* AVFoundation.framework */ = {isa = PBXFileReference; lastKnownFileType = wrapper.framework; name = AVFoundation.framework; path = System/Library/Frameworks/AVFoundation.framework; sourceTree = SDKROOT; };
		145124CC19CF2544002AC72A /* AVKit.framework */ = {isa = PBXFileReference; lastKnownFileType = wrapper.framework; name = AVKit.framework; path = System/Library/Frameworks/AVKit.framework; sourceTree = SDKROOT; };
		145124D219CF339A002AC72A /* COPlayQueue.swift */ = {isa = PBXFileReference; fileEncoding = 4; lastKnownFileType = sourcecode.swift; path = COPlayQueue.swift; sourceTree = "<group>"; };
		145124D619CF389A002AC72A /* Preferences.xib */ = {isa = PBXFileReference; fileEncoding = 4; lastKnownFileType = file.xib; path = Preferences.xib; sourceTree = "<group>"; };
		145124D819CF3974002AC72A /* COPreferencesView.swift */ = {isa = PBXFileReference; fileEncoding = 4; lastKnownFileType = sourcecode.swift; path = COPreferencesView.swift; sourceTree = "<group>"; };
		145124DE19CF4A1F002AC72A /* COViewController.swift */ = {isa = PBXFileReference; fileEncoding = 4; lastKnownFileType = sourcecode.swift; path = COViewController.swift; sourceTree = "<group>"; };
		145124E019CF4A34002AC72A /* COMainViewController.swift */ = {isa = PBXFileReference; fileEncoding = 4; lastKnownFileType = sourcecode.swift; path = COMainViewController.swift; sourceTree = "<group>"; };
		1486AD5E19CF6BD600FE77E9 /* COArtist.swift */ = {isa = PBXFileReference; fileEncoding = 4; lastKnownFileType = sourcecode.swift; path = COArtist.swift; sourceTree = "<group>"; };
		1486AD6019CF6C0A00FE77E9 /* COSong.swift */ = {isa = PBXFileReference; fileEncoding = 4; lastKnownFileType = sourcecode.swift; path = COSong.swift; sourceTree = "<group>"; };
		1498CA4319D6EE74003C6D1B /* Array+COExtensions.swift */ = {isa = PBXFileReference; fileEncoding = 4; lastKnownFileType = sourcecode.swift; path = "Array+COExtensions.swift"; sourceTree = "<group>"; };
		1498CA4519D6EEE2003C6D1B /* Utilities.swift */ = {isa = PBXFileReference; fileEncoding = 4; lastKnownFileType = sourcecode.swift; path = Utilities.swift; sourceTree = "<group>"; };
/* End PBXFileReference section */

/* Begin PBXFrameworksBuildPhase section */
		145124A019CF1016002AC72A /* Frameworks */ = {
			isa = PBXFrameworksBuildPhase;
			buildActionMask = 2147483647;
			files = (
				145124CD19CF2544002AC72A /* AVFoundation.framework in Frameworks */,
				145124CE19CF2544002AC72A /* AVKit.framework in Frameworks */,
			);
			runOnlyForDeploymentPostprocessing = 0;
		};
		145124B519CF1016002AC72A /* Frameworks */ = {
			isa = PBXFrameworksBuildPhase;
			buildActionMask = 2147483647;
			files = (
			);
			runOnlyForDeploymentPostprocessing = 0;
		};
/* End PBXFrameworksBuildPhase section */

/* Begin PBXGroup section */
		1451249A19CF1016002AC72A = {
			isa = PBXGroup;
			children = (
				145124CF19CF25C3002AC72A /* Frameworks */,
				145124A519CF1016002AC72A /* Concerto-Swift */,
				145124BB19CF1016002AC72A /* Concerto-SwiftTests */,
				145124A419CF1016002AC72A /* Products */,
			);
			sourceTree = "<group>";
		};
		145124A419CF1016002AC72A /* Products */ = {
			isa = PBXGroup;
			children = (
				145124A319CF1016002AC72A /* Concerto-Swift.app */,
				145124B819CF1016002AC72A /* Concerto-SwiftTests.xctest */,
			);
			name = Products;
			sourceTree = "<group>";
		};
		145124A519CF1016002AC72A /* Concerto-Swift */ = {
			isa = PBXGroup;
			children = (
				145124DA19CF424D002AC72A /* Model */,
				145124D519CF387F002AC72A /* Views */,
				145124AF19CF1016002AC72A /* Images.xcassets */,
				145124AC19CF1016002AC72A /* Concerto_Swift.xcdatamodeld */,
				145124A619CF1016002AC72A /* Supporting Files */,
				145124AA19CF1016002AC72A /* AppDelegate.swift */,
				145124C819CF10A5002AC72A /* COTableView.swift */,
				145124D219CF339A002AC72A /* COPlayQueue.swift */,
				145124D819CF3974002AC72A /* COPreferencesView.swift */,
				145124DE19CF4A1F002AC72A /* COViewController.swift */,
				145124E019CF4A34002AC72A /* COMainViewController.swift */,
				1416D0B519CF730D00F68BDE /* NSManagedObjectContext+COAdditions.swift */,
				1416D0B719CF830700F68BDE /* COOperation.swift */,
				1498CA4319D6EE74003C6D1B /* Array+COExtensions.swift */,
				1498CA4519D6EEE2003C6D1B /* Utilities.swift */,
			);
			path = "Concerto-Swift";
			sourceTree = "<group>";
		};
		145124A619CF1016002AC72A /* Supporting Files */ = {
			isa = PBXGroup;
			children = (
				145124A719CF1016002AC72A /* Info.plist */,
				145124A819CF1016002AC72A /* main.swift */,
			);
			name = "Supporting Files";
			sourceTree = "<group>";
		};
		145124BB19CF1016002AC72A /* Concerto-SwiftTests */ = {
			isa = PBXGroup;
			children = (
				145124BE19CF1016002AC72A /* Concerto_SwiftTests.swift */,
				145124BC19CF1016002AC72A /* Supporting Files */,
			);
			path = "Concerto-SwiftTests";
			sourceTree = "<group>";
		};
		145124BC19CF1016002AC72A /* Supporting Files */ = {
			isa = PBXGroup;
			children = (
				145124BD19CF1016002AC72A /* Info.plist */,
			);
			name = "Supporting Files";
			sourceTree = "<group>";
		};
		145124CF19CF25C3002AC72A /* Frameworks */ = {
			isa = PBXGroup;
			children = (
				145124CB19CF2544002AC72A /* AVFoundation.framework */,
				145124CC19CF2544002AC72A /* AVKit.framework */,
			);
			name = Frameworks;
			sourceTree = "<group>";
		};
		145124D519CF387F002AC72A /* Views */ = {
			isa = PBXGroup;
			children = (
				145124B119CF1016002AC72A /* MainMenu.xib */,
				145124D619CF389A002AC72A /* Preferences.xib */,
			);
			name = Views;
			sourceTree = "<group>";
		};
		145124DA19CF424D002AC72A /* Model */ = {
			isa = PBXGroup;
			children = (
				1486AD5E19CF6BD600FE77E9 /* COArtist.swift */,
				1486AD6019CF6C0A00FE77E9 /* COSong.swift */,
			);
			name = Model;
			sourceTree = "<group>";
		};
/* End PBXGroup section */

/* Begin PBXNativeTarget section */
		145124A219CF1016002AC72A /* Concerto-Swift */ = {
			isa = PBXNativeTarget;
			buildConfigurationList = 145124C219CF1016002AC72A /* Build configuration list for PBXNativeTarget "Concerto-Swift" */;
			buildPhases = (
				1451249F19CF1016002AC72A /* Sources */,
				145124A019CF1016002AC72A /* Frameworks */,
				145124A119CF1016002AC72A /* Resources */,
			);
			buildRules = (
			);
			dependencies = (
			);
			name = "Concerto-Swift";
			productName = "Concerto-Swift";
			productReference = 145124A319CF1016002AC72A /* Concerto-Swift.app */;
			productType = "com.apple.product-type.application";
		};
		145124B719CF1016002AC72A /* Concerto-SwiftTests */ = {
			isa = PBXNativeTarget;
			buildConfigurationList = 145124C519CF1016002AC72A /* Build configuration list for PBXNativeTarget "Concerto-SwiftTests" */;
			buildPhases = (
				145124B419CF1016002AC72A /* Sources */,
				145124B519CF1016002AC72A /* Frameworks */,
				145124B619CF1016002AC72A /* Resources */,
			);
			buildRules = (
			);
			dependencies = (
				145124BA19CF1016002AC72A /* PBXTargetDependency */,
			);
			name = "Concerto-SwiftTests";
			productName = "Concerto-SwiftTests";
			productReference = 145124B819CF1016002AC72A /* Concerto-SwiftTests.xctest */;
			productType = "com.apple.product-type.bundle.unit-test";
		};
/* End PBXNativeTarget section */

/* Begin PBXProject section */
		1451249B19CF1016002AC72A /* Project object */ = {
			isa = PBXProject;
			attributes = {
				LastUpgradeCheck = 0600;
				ORGANIZATIONNAME = "Christian Benincasa";
				TargetAttributes = {
					145124A219CF1016002AC72A = {
						CreatedOnToolsVersion = 6.1;
					};
					145124B719CF1016002AC72A = {
						CreatedOnToolsVersion = 6.1;
						TestTargetID = 145124A219CF1016002AC72A;
					};
				};
			};
			buildConfigurationList = 1451249E19CF1016002AC72A /* Build configuration list for PBXProject "Concerto-Swift" */;
			compatibilityVersion = "Xcode 3.2";
			developmentRegion = English;
			hasScannedForEncodings = 0;
			knownRegions = (
				en,
				Base,
			);
			mainGroup = 1451249A19CF1016002AC72A;
			productRefGroup = 145124A419CF1016002AC72A /* Products */;
			projectDirPath = "";
			projectRoot = "";
			targets = (
				145124A219CF1016002AC72A /* Concerto-Swift */,
				145124B719CF1016002AC72A /* Concerto-SwiftTests */,
			);
		};
/* End PBXProject section */

/* Begin PBXResourcesBuildPhase section */
		145124A119CF1016002AC72A /* Resources */ = {
			isa = PBXResourcesBuildPhase;
			buildActionMask = 2147483647;
			files = (
				145124B019CF1016002AC72A /* Images.xcassets in Resources */,
				145124D719CF389A002AC72A /* Preferences.xib in Resources */,
				145124B319CF1016002AC72A /* MainMenu.xib in Resources */,
			);
			runOnlyForDeploymentPostprocessing = 0;
		};
		145124B619CF1016002AC72A /* Resources */ = {
			isa = PBXResourcesBuildPhase;
			buildActionMask = 2147483647;
			files = (
			);
			runOnlyForDeploymentPostprocessing = 0;
		};
/* End PBXResourcesBuildPhase section */

/* Begin PBXSourcesBuildPhase section */
		1451249F19CF1016002AC72A /* Sources */ = {
			isa = PBXSourcesBuildPhase;
			buildActionMask = 2147483647;
			files = (
				1486AD6119CF6C0A00FE77E9 /* COSong.swift in Sources */,
				145124AB19CF1016002AC72A /* AppDelegate.swift in Sources */,
				1498CA4619D6EEE2003C6D1B /* Utilities.swift in Sources */,
				145124DF19CF4A1F002AC72A /* COViewController.swift in Sources */,
				1416D0B819CF830700F68BDE /* COOperation.swift in Sources */,
				145124D919CF3974002AC72A /* COPreferencesView.swift in Sources */,
				1486AD5F19CF6BD600FE77E9 /* COArtist.swift in Sources */,
				145124C919CF10A5002AC72A /* COTableView.swift in Sources */,
				145124E119CF4A34002AC72A /* COMainViewController.swift in Sources */,
				1498CA4419D6EE74003C6D1B /* Array+COExtensions.swift in Sources */,
				145124D319CF339A002AC72A /* COPlayQueue.swift in Sources */,
				145124AE19CF1016002AC72A /* Concerto_Swift.xcdatamodeld in Sources */,
				1416D0B619CF730D00F68BDE /* NSManagedObjectContext+COAdditions.swift in Sources */,
				145124A919CF1016002AC72A /* main.swift in Sources */,
			);
			runOnlyForDeploymentPostprocessing = 0;
		};
		145124B419CF1016002AC72A /* Sources */ = {
			isa = PBXSourcesBuildPhase;
			buildActionMask = 2147483647;
			files = (
				145124BF19CF1016002AC72A /* Concerto_SwiftTests.swift in Sources */,
			);
			runOnlyForDeploymentPostprocessing = 0;
		};
/* End PBXSourcesBuildPhase section */

/* Begin PBXTargetDependency section */
		145124BA19CF1016002AC72A /* PBXTargetDependency */ = {
			isa = PBXTargetDependency;
			target = 145124A219CF1016002AC72A /* Concerto-Swift */;
			targetProxy = 145124B919CF1016002AC72A /* PBXContainerItemProxy */;
		};
/* End PBXTargetDependency section */

/* Begin PBXVariantGroup section */
		145124B119CF1016002AC72A /* MainMenu.xib */ = {
			isa = PBXVariantGroup;
			children = (
				145124B219CF1016002AC72A /* Base */,
			);
			name = MainMenu.xib;
			sourceTree = "<group>";
		};
/* End PBXVariantGroup section */

/* Begin XCBuildConfiguration section */
		145124C019CF1016002AC72A /* Debug */ = {
			isa = XCBuildConfiguration;
			buildSettings = {
				ALWAYS_SEARCH_USER_PATHS = NO;
				CLANG_CXX_LANGUAGE_STANDARD = "gnu++0x";
				CLANG_CXX_LIBRARY = "libc++";
				CLANG_ENABLE_MODULES = YES;
				CLANG_ENABLE_OBJC_ARC = YES;
				CLANG_WARN_BOOL_CONVERSION = YES;
				CLANG_WARN_CONSTANT_CONVERSION = YES;
				CLANG_WARN_DIRECT_OBJC_ISA_USAGE = YES_ERROR;
				CLANG_WARN_EMPTY_BODY = YES;
				CLANG_WARN_ENUM_CONVERSION = YES;
				CLANG_WARN_INT_CONVERSION = YES;
				CLANG_WARN_OBJC_ROOT_CLASS = YES_ERROR;
				CLANG_WARN_UNREACHABLE_CODE = YES;
				CLANG_WARN__DUPLICATE_METHOD_MATCH = YES;
				CODE_SIGN_IDENTITY = "-";
				COPY_PHASE_STRIP = NO;
				ENABLE_STRICT_OBJC_MSGSEND = YES;
				GCC_C_LANGUAGE_STANDARD = gnu99;
				GCC_DYNAMIC_NO_PIC = NO;
				GCC_OPTIMIZATION_LEVEL = 0;
				GCC_PREPROCESSOR_DEFINITIONS = (
					"DEBUG=1",
					"$(inherited)",
				);
				GCC_SYMBOLS_PRIVATE_EXTERN = NO;
				GCC_WARN_64_TO_32_BIT_CONVERSION = YES;
				GCC_WARN_ABOUT_RETURN_TYPE = YES_ERROR;
				GCC_WARN_UNDECLARED_SELECTOR = YES;
				GCC_WARN_UNINITIALIZED_AUTOS = YES_AGGRESSIVE;
				GCC_WARN_UNUSED_FUNCTION = YES;
				GCC_WARN_UNUSED_VARIABLE = YES;
				MACOSX_DEPLOYMENT_TARGET = 10.10;
				MTL_ENABLE_DEBUG_INFO = YES;
				ONLY_ACTIVE_ARCH = YES;
				SDKROOT = macosx;
				SWIFT_OPTIMIZATION_LEVEL = "-Onone";
			};
			name = Debug;
		};
		145124C119CF1016002AC72A /* Release */ = {
			isa = XCBuildConfiguration;
			buildSettings = {
				ALWAYS_SEARCH_USER_PATHS = NO;
				CLANG_CXX_LANGUAGE_STANDARD = "gnu++0x";
				CLANG_CXX_LIBRARY = "libc++";
				CLANG_ENABLE_MODULES = YES;
				CLANG_ENABLE_OBJC_ARC = YES;
				CLANG_WARN_BOOL_CONVERSION = YES;
				CLANG_WARN_CONSTANT_CONVERSION = YES;
				CLANG_WARN_DIRECT_OBJC_ISA_USAGE = YES_ERROR;
				CLANG_WARN_EMPTY_BODY = YES;
				CLANG_WARN_ENUM_CONVERSION = YES;
				CLANG_WARN_INT_CONVERSION = YES;
				CLANG_WARN_OBJC_ROOT_CLASS = YES_ERROR;
				CLANG_WARN_UNREACHABLE_CODE = YES;
				CLANG_WARN__DUPLICATE_METHOD_MATCH = YES;
				CODE_SIGN_IDENTITY = "-";
				COPY_PHASE_STRIP = YES;
				DEBUG_INFORMATION_FORMAT = "dwarf-with-dsym";
				ENABLE_NS_ASSERTIONS = NO;
				ENABLE_STRICT_OBJC_MSGSEND = YES;
				GCC_C_LANGUAGE_STANDARD = gnu99;
				GCC_WARN_64_TO_32_BIT_CONVERSION = YES;
				GCC_WARN_ABOUT_RETURN_TYPE = YES_ERROR;
				GCC_WARN_UNDECLARED_SELECTOR = YES;
				GCC_WARN_UNINITIALIZED_AUTOS = YES_AGGRESSIVE;
				GCC_WARN_UNUSED_FUNCTION = YES;
				GCC_WARN_UNUSED_VARIABLE = YES;
				MACOSX_DEPLOYMENT_TARGET = 10.10;
				MTL_ENABLE_DEBUG_INFO = NO;
				SDKROOT = macosx;
			};
			name = Release;
		};
		145124C319CF1016002AC72A /* Debug */ = {
			isa = XCBuildConfiguration;
			buildSettings = {
				ASSETCATALOG_COMPILER_APPICON_NAME = AppIcon;
				COMBINE_HIDPI_IMAGES = YES;
				INFOPLIST_FILE = "Concerto-Swift/Info.plist";
				LD_RUNPATH_SEARCH_PATHS = "$(inherited) @executable_path/../Frameworks";
				PRODUCT_NAME = "$(TARGET_NAME)";
			};
			name = Debug;
		};
		145124C419CF1016002AC72A /* Release */ = {
			isa = XCBuildConfiguration;
			buildSettings = {
				ASSETCATALOG_COMPILER_APPICON_NAME = AppIcon;
				COMBINE_HIDPI_IMAGES = YES;
				INFOPLIST_FILE = "Concerto-Swift/Info.plist";
				LD_RUNPATH_SEARCH_PATHS = "$(inherited) @executable_path/../Frameworks";
				PRODUCT_NAME = "$(TARGET_NAME)";
			};
			name = Release;
		};
		145124C619CF1016002AC72A /* Debug */ = {
			isa = XCBuildConfiguration;
			buildSettings = {
				BUNDLE_LOADER = "$(TEST_HOST)";
				COMBINE_HIDPI_IMAGES = YES;
				FRAMEWORK_SEARCH_PATHS = (
					"$(DEVELOPER_FRAMEWORKS_DIR)",
					"$(inherited)",
				);
				GCC_PREPROCESSOR_DEFINITIONS = (
					"DEBUG=1",
					"$(inherited)",
				);
				INFOPLIST_FILE = "Concerto-SwiftTests/Info.plist";
				LD_RUNPATH_SEARCH_PATHS = "$(inherited) @executable_path/../Frameworks @loader_path/../Frameworks";
				PRODUCT_NAME = "$(TARGET_NAME)";
				TEST_HOST = "$(BUILT_PRODUCTS_DIR)/Concerto-Swift.app/Contents/MacOS/Concerto-Swift";
			};
			name = Debug;
		};
		145124C719CF1016002AC72A /* Release */ = {
			isa = XCBuildConfiguration;
			buildSettings = {
				BUNDLE_LOADER = "$(TEST_HOST)";
				COMBINE_HIDPI_IMAGES = YES;
				FRAMEWORK_SEARCH_PATHS = (
					"$(DEVELOPER_FRAMEWORKS_DIR)",
					"$(inherited)",
				);
				INFOPLIST_FILE = "Concerto-SwiftTests/Info.plist";
				LD_RUNPATH_SEARCH_PATHS = "$(inherited) @executable_path/../Frameworks @loader_path/../Frameworks";
				PRODUCT_NAME = "$(TARGET_NAME)";
				TEST_HOST = "$(BUILT_PRODUCTS_DIR)/Concerto-Swift.app/Contents/MacOS/Concerto-Swift";
			};
			name = Release;
		};
/* End XCBuildConfiguration section */

/* Begin XCConfigurationList section */
		1451249E19CF1016002AC72A /* Build configuration list for PBXProject "Concerto-Swift" */ = {
			isa = XCConfigurationList;
			buildConfigurations = (
				145124C019CF1016002AC72A /* Debug */,
				145124C119CF1016002AC72A /* Release */,
			);
			defaultConfigurationIsVisible = 0;
			defaultConfigurationName = Release;
		};
		145124C219CF1016002AC72A /* Build configuration list for PBXNativeTarget "Concerto-Swift" */ = {
			isa = XCConfigurationList;
			buildConfigurations = (
				145124C319CF1016002AC72A /* Debug */,
				145124C419CF1016002AC72A /* Release */,
			);
			defaultConfigurationIsVisible = 0;
			defaultConfigurationName = Release;
		};
		145124C519CF1016002AC72A /* Build configuration list for PBXNativeTarget "Concerto-SwiftTests" */ = {
			isa = XCConfigurationList;
			buildConfigurations = (
				145124C619CF1016002AC72A /* Debug */,
				145124C719CF1016002AC72A /* Release */,
			);
			defaultConfigurationIsVisible = 0;
			defaultConfigurationName = Release;
		};
/* End XCConfigurationList section */

/* Begin XCVersionGroup section */
		145124AC19CF1016002AC72A /* Concerto_Swift.xcdatamodeld */ = {
			isa = XCVersionGroup;
			children = (
				145124AD19CF1016002AC72A /* Concerto_Swift.xcdatamodel */,
			);
			currentVersion = 145124AD19CF1016002AC72A /* Concerto_Swift.xcdatamodel */;
			path = Concerto_Swift.xcdatamodeld;
			sourceTree = "<group>";
			versionGroupType = wrapper.xcdatamodel;
		};
/* End XCVersionGroup section */
	};
	rootObject = 1451249B19CF1016002AC72A /* Project object */;
}
