// !$*UTF8*$!
{
	archiveVersion = 1;
	classes = {
	};
	objectVersion = 46;
	objects = {

/* Begin PBXBuildFile section */
		1412171319D7753500CFCBE9 /* Concerto.xcdatamodeld in Sources */ = {isa = PBXBuildFile; fileRef = 1412171119D7753500CFCBE9 /* Concerto.xcdatamodeld */; };
		1473AF0419D7742C00DFC0B9 /* Array+COExtensions.swift in Sources */ = {isa = PBXBuildFile; fileRef = 1473AEF519D7742C00DFC0B9 /* Array+COExtensions.swift */; };
		1473AF0519D7742C00DFC0B9 /* COArtist.swift in Sources */ = {isa = PBXBuildFile; fileRef = 1473AEF619D7742C00DFC0B9 /* COArtist.swift */; };
		1473AF0619D7742C00DFC0B9 /* COMainMenuController.swift in Sources */ = {isa = PBXBuildFile; fileRef = 1473AEF719D7742C00DFC0B9 /* COMainMenuController.swift */; };
		1473AF0719D7742C00DFC0B9 /* COOperation.swift in Sources */ = {isa = PBXBuildFile; fileRef = 1473AEF819D7742C00DFC0B9 /* COOperation.swift */; };
		1473AF0819D7742C00DFC0B9 /* COPlaylistViewController.swift in Sources */ = {isa = PBXBuildFile; fileRef = 1473AEF919D7742C00DFC0B9 /* COPlaylistViewController.swift */; };
		1473AF0919D7742C00DFC0B9 /* COPlaylistWindowController.swift in Sources */ = {isa = PBXBuildFile; fileRef = 1473AEFA19D7742C00DFC0B9 /* COPlaylistWindowController.swift */; };
		1473AF0A19D7742C00DFC0B9 /* COPlayQueue.swift in Sources */ = {isa = PBXBuildFile; fileRef = 1473AEFB19D7742C00DFC0B9 /* COPlayQueue.swift */; };
		1473AF0B19D7742C00DFC0B9 /* COPreferencesView.swift in Sources */ = {isa = PBXBuildFile; fileRef = 1473AEFC19D7742C00DFC0B9 /* COPreferencesView.swift */; };
		1473AF0C19D7742C00DFC0B9 /* COSong.swift in Sources */ = {isa = PBXBuildFile; fileRef = 1473AEFD19D7742C00DFC0B9 /* COSong.swift */; };
		1473AF0D19D7742C00DFC0B9 /* COTableView.swift in Sources */ = {isa = PBXBuildFile; fileRef = 1473AEFE19D7742C00DFC0B9 /* COTableView.swift */; };
		1473AF0E19D7742C00DFC0B9 /* COViewController.swift in Sources */ = {isa = PBXBuildFile; fileRef = 1473AEFF19D7742C00DFC0B9 /* COViewController.swift */; };
		1473AF0F19D7742C00DFC0B9 /* COWindowController.swift in Sources */ = {isa = PBXBuildFile; fileRef = 1473AF0019D7742C00DFC0B9 /* COWindowController.swift */; };
		1473AF1019D7742C00DFC0B9 /* NSManagedObjectContext+COAdditions.swift in Sources */ = {isa = PBXBuildFile; fileRef = 1473AF0119D7742C00DFC0B9 /* NSManagedObjectContext+COAdditions.swift */; };
		1473AF1119D7742C00DFC0B9 /* Observable.swift in Sources */ = {isa = PBXBuildFile; fileRef = 1473AF0219D7742C00DFC0B9 /* Observable.swift */; };
		1473AF1219D7742C00DFC0B9 /* Utilities.swift in Sources */ = {isa = PBXBuildFile; fileRef = 1473AF0319D7742C00DFC0B9 /* Utilities.swift */; };
		1473AF1919D7748900DFC0B9 /* AVFoundation.framework in Frameworks */ = {isa = PBXBuildFile; fileRef = 1473AF1619D7747300DFC0B9 /* AVFoundation.framework */; };
		1498CA6619D746E8003C6D1B /* main.swift in Sources */ = {isa = PBXBuildFile; fileRef = 1498CA6519D746E8003C6D1B /* main.swift */; };
		1498CA6A19D746E8003C6D1B /* AppDelegate.swift in Sources */ = {isa = PBXBuildFile; fileRef = 1498CA6919D746E8003C6D1B /* AppDelegate.swift */; };
		1498CA6F19D746E8003C6D1B /* Images.xcassets in Resources */ = {isa = PBXBuildFile; fileRef = 1498CA6E19D746E8003C6D1B /* Images.xcassets */; };
		1498CA7219D746E8003C6D1B /* Main.storyboard in Resources */ = {isa = PBXBuildFile; fileRef = 1498CA7019D746E8003C6D1B /* Main.storyboard */; };
		1498CA7E19D746E8003C6D1B /* ConcertoTests.swift in Sources */ = {isa = PBXBuildFile; fileRef = 1498CA7D19D746E8003C6D1B /* ConcertoTests.swift */; };
		1498CA8819D748B8003C6D1B /* Preferences.storyboard in Resources */ = {isa = PBXBuildFile; fileRef = 1498CA8719D748B8003C6D1B /* Preferences.storyboard */; };
/* End PBXBuildFile section */

/* Begin PBXContainerItemProxy section */
		1498CA7819D746E8003C6D1B /* PBXContainerItemProxy */ = {
			isa = PBXContainerItemProxy;
			containerPortal = 1498CA5819D746E8003C6D1B /* Project object */;
			proxyType = 1;
			remoteGlobalIDString = 1498CA5F19D746E8003C6D1B;
			remoteInfo = Concerto;
		};
/* End PBXContainerItemProxy section */

/* Begin PBXFileReference section */
		1412171219D7753500CFCBE9 /* Concerto.xcdatamodel */ = {isa = PBXFileReference; lastKnownFileType = wrapper.xcdatamodel; path = Concerto.xcdatamodel; sourceTree = "<group>"; };
		1473AEF519D7742C00DFC0B9 /* Array+COExtensions.swift */ = {isa = PBXFileReference; fileEncoding = 4; lastKnownFileType = sourcecode.swift; path = "Array+COExtensions.swift"; sourceTree = "<group>"; };
		1473AEF619D7742C00DFC0B9 /* COArtist.swift */ = {isa = PBXFileReference; fileEncoding = 4; lastKnownFileType = sourcecode.swift; path = COArtist.swift; sourceTree = "<group>"; };
		1473AEF719D7742C00DFC0B9 /* COMainMenuController.swift */ = {isa = PBXFileReference; fileEncoding = 4; lastKnownFileType = sourcecode.swift; path = COMainMenuController.swift; sourceTree = "<group>"; };
		1473AEF819D7742C00DFC0B9 /* COOperation.swift */ = {isa = PBXFileReference; fileEncoding = 4; lastKnownFileType = sourcecode.swift; path = COOperation.swift; sourceTree = "<group>"; };
		1473AEF919D7742C00DFC0B9 /* COPlaylistViewController.swift */ = {isa = PBXFileReference; fileEncoding = 4; lastKnownFileType = sourcecode.swift; path = COPlaylistViewController.swift; sourceTree = "<group>"; };
		1473AEFA19D7742C00DFC0B9 /* COPlaylistWindowController.swift */ = {isa = PBXFileReference; fileEncoding = 4; lastKnownFileType = sourcecode.swift; path = COPlaylistWindowController.swift; sourceTree = "<group>"; };
		1473AEFB19D7742C00DFC0B9 /* COPlayQueue.swift */ = {isa = PBXFileReference; fileEncoding = 4; lastKnownFileType = sourcecode.swift; path = COPlayQueue.swift; sourceTree = "<group>"; };
		1473AEFC19D7742C00DFC0B9 /* COPreferencesView.swift */ = {isa = PBXFileReference; fileEncoding = 4; lastKnownFileType = sourcecode.swift; path = COPreferencesView.swift; sourceTree = "<group>"; };
		1473AEFD19D7742C00DFC0B9 /* COSong.swift */ = {isa = PBXFileReference; fileEncoding = 4; lastKnownFileType = sourcecode.swift; path = COSong.swift; sourceTree = "<group>"; };
		1473AEFE19D7742C00DFC0B9 /* COTableView.swift */ = {isa = PBXFileReference; fileEncoding = 4; lastKnownFileType = sourcecode.swift; path = COTableView.swift; sourceTree = "<group>"; };
		1473AEFF19D7742C00DFC0B9 /* COViewController.swift */ = {isa = PBXFileReference; fileEncoding = 4; lastKnownFileType = sourcecode.swift; path = COViewController.swift; sourceTree = "<group>"; };
		1473AF0019D7742C00DFC0B9 /* COWindowController.swift */ = {isa = PBXFileReference; fileEncoding = 4; lastKnownFileType = sourcecode.swift; path = COWindowController.swift; sourceTree = "<group>"; };
		1473AF0119D7742C00DFC0B9 /* NSManagedObjectContext+COAdditions.swift */ = {isa = PBXFileReference; fileEncoding = 4; lastKnownFileType = sourcecode.swift; path = "NSManagedObjectContext+COAdditions.swift"; sourceTree = "<group>"; };
		1473AF0219D7742C00DFC0B9 /* Observable.swift */ = {isa = PBXFileReference; fileEncoding = 4; lastKnownFileType = sourcecode.swift; path = Observable.swift; sourceTree = "<group>"; };
		1473AF0319D7742C00DFC0B9 /* Utilities.swift */ = {isa = PBXFileReference; fileEncoding = 4; lastKnownFileType = sourcecode.swift; path = Utilities.swift; sourceTree = "<group>"; };
		1473AF1619D7747300DFC0B9 /* AVFoundation.framework */ = {isa = PBXFileReference; lastKnownFileType = wrapper.framework; name = AVFoundation.framework; path = System/Library/Frameworks/AVFoundation.framework; sourceTree = SDKROOT; };
		1498CA6019D746E8003C6D1B /* Concerto.app */ = {isa = PBXFileReference; explicitFileType = wrapper.application; includeInIndex = 0; path = Concerto.app; sourceTree = BUILT_PRODUCTS_DIR; };
		1498CA6419D746E8003C6D1B /* Info.plist */ = {isa = PBXFileReference; lastKnownFileType = text.plist.xml; path = Info.plist; sourceTree = "<group>"; };
		1498CA6519D746E8003C6D1B /* main.swift */ = {isa = PBXFileReference; lastKnownFileType = sourcecode.swift; path = main.swift; sourceTree = "<group>"; };
		1498CA6919D746E8003C6D1B /* AppDelegate.swift */ = {isa = PBXFileReference; lastKnownFileType = sourcecode.swift; path = AppDelegate.swift; sourceTree = "<group>"; };
		1498CA6E19D746E8003C6D1B /* Images.xcassets */ = {isa = PBXFileReference; lastKnownFileType = folder.assetcatalog; path = Images.xcassets; sourceTree = "<group>"; };
		1498CA7119D746E8003C6D1B /* Base */ = {isa = PBXFileReference; lastKnownFileType = file.storyboard; name = Base; path = Base.lproj/Main.storyboard; sourceTree = "<group>"; };
		1498CA7719D746E8003C6D1B /* ConcertoTests.xctest */ = {isa = PBXFileReference; explicitFileType = wrapper.cfbundle; includeInIndex = 0; path = ConcertoTests.xctest; sourceTree = BUILT_PRODUCTS_DIR; };
		1498CA7C19D746E8003C6D1B /* Info.plist */ = {isa = PBXFileReference; lastKnownFileType = text.plist.xml; path = Info.plist; sourceTree = "<group>"; };
		1498CA7D19D746E8003C6D1B /* ConcertoTests.swift */ = {isa = PBXFileReference; lastKnownFileType = sourcecode.swift; path = ConcertoTests.swift; sourceTree = "<group>"; };
		1498CA8719D748B8003C6D1B /* Preferences.storyboard */ = {isa = PBXFileReference; fileEncoding = 4; lastKnownFileType = file.storyboard; path = Preferences.storyboard; sourceTree = "<group>"; };
/* End PBXFileReference section */

/* Begin PBXFrameworksBuildPhase section */
		1498CA5D19D746E8003C6D1B /* Frameworks */ = {
			isa = PBXFrameworksBuildPhase;
			buildActionMask = 2147483647;
			files = (
				1473AF1919D7748900DFC0B9 /* AVFoundation.framework in Frameworks */,
			);
			runOnlyForDeploymentPostprocessing = 0;
		};
		1498CA7419D746E8003C6D1B /* Frameworks */ = {
			isa = PBXFrameworksBuildPhase;
			buildActionMask = 2147483647;
			files = (
			);
			runOnlyForDeploymentPostprocessing = 0;
		};
/* End PBXFrameworksBuildPhase section */

/* Begin PBXGroup section */
		1473AF1819D7747B00DFC0B9 /* Frameworks */ = {
			isa = PBXGroup;
			children = (
				1473AF1619D7747300DFC0B9 /* AVFoundation.framework */,
			);
			name = Frameworks;
			sourceTree = "<group>";
		};
		1498CA5719D746E8003C6D1B = {
			isa = PBXGroup;
			children = (
				1498CA6219D746E8003C6D1B /* Concerto */,
				1498CA7A19D746E8003C6D1B /* ConcertoTests */,
				1473AF1819D7747B00DFC0B9 /* Frameworks */,
				1498CA6119D746E8003C6D1B /* Products */,
			);
			sourceTree = "<group>";
		};
		1498CA6119D746E8003C6D1B /* Products */ = {
			isa = PBXGroup;
			children = (
				1498CA6019D746E8003C6D1B /* Concerto.app */,
				1498CA7719D746E8003C6D1B /* ConcertoTests.xctest */,
			);
			name = Products;
			sourceTree = "<group>";
		};
		1498CA6219D746E8003C6D1B /* Concerto */ = {
			isa = PBXGroup;
			children = (
				1498CAAE19D77385003C6D1B /* Model */,
				1498CAAD19D77379003C6D1B /* Audio */,
				1498CAAC19D77364003C6D1B /* Util */,
				1498CAAB19D77354003C6D1B /* Extensions */,
				1498CAAA19D77347003C6D1B /* Storyboards */,
				1498CAA919D77328003C6D1B /* Controllers */,
				1498CA6919D746E8003C6D1B /* AppDelegate.swift */,
				1498CA6E19D746E8003C6D1B /* Images.xcassets */,
				1498CA6319D746E8003C6D1B /* Supporting Files */,
			);
			path = Concerto;
			sourceTree = "<group>";
		};
		1498CA6319D746E8003C6D1B /* Supporting Files */ = {
			isa = PBXGroup;
			children = (
				1498CA6419D746E8003C6D1B /* Info.plist */,
				1498CA6519D746E8003C6D1B /* main.swift */,
			);
			name = "Supporting Files";
			sourceTree = "<group>";
		};
		1498CA7A19D746E8003C6D1B /* ConcertoTests */ = {
			isa = PBXGroup;
			children = (
				1498CA7D19D746E8003C6D1B /* ConcertoTests.swift */,
				1498CA7B19D746E8003C6D1B /* Supporting Files */,
			);
			path = ConcertoTests;
			sourceTree = "<group>";
		};
		1498CA7B19D746E8003C6D1B /* Supporting Files */ = {
			isa = PBXGroup;
			children = (
				1498CA7C19D746E8003C6D1B /* Info.plist */,
			);
			name = "Supporting Files";
			sourceTree = "<group>";
		};
		1498CAA919D77328003C6D1B /* Controllers */ = {
			isa = PBXGroup;
			children = (
				1473AEF719D7742C00DFC0B9 /* COMainMenuController.swift */,
				1473AEF919D7742C00DFC0B9 /* COPlaylistViewController.swift */,
				1473AEFA19D7742C00DFC0B9 /* COPlaylistWindowController.swift */,
				1473AEFC19D7742C00DFC0B9 /* COPreferencesView.swift */,
				1473AEFE19D7742C00DFC0B9 /* COTableView.swift */,
				1473AEFF19D7742C00DFC0B9 /* COViewController.swift */,
				1473AF0019D7742C00DFC0B9 /* COWindowController.swift */,
			);
			name = Controllers;
			sourceTree = "<group>";
		};
		1498CAAA19D77347003C6D1B /* Storyboards */ = {
			isa = PBXGroup;
			children = (
				1498CA7019D746E8003C6D1B /* Main.storyboard */,
				1498CA8719D748B8003C6D1B /* Preferences.storyboard */,
			);
			name = Storyboards;
			sourceTree = "<group>";
		};
		1498CAAB19D77354003C6D1B /* Extensions */ = {
			isa = PBXGroup;
			children = (
				1473AF0119D7742C00DFC0B9 /* NSManagedObjectContext+COAdditions.swift */,
				1473AEF519D7742C00DFC0B9 /* Array+COExtensions.swift */,
			);
			name = Extensions;
			sourceTree = "<group>";
		};
		1498CAAC19D77364003C6D1B /* Util */ = {
			isa = PBXGroup;
			children = (
				1473AEF819D7742C00DFC0B9 /* COOperation.swift */,
				1473AF0319D7742C00DFC0B9 /* Utilities.swift */,
				1473AF0219D7742C00DFC0B9 /* Observable.swift */,
			);
			name = Util;
			sourceTree = "<group>";
		};
		1498CAAD19D77379003C6D1B /* Audio */ = {
			isa = PBXGroup;
			children = (
				1473AEFB19D7742C00DFC0B9 /* COPlayQueue.swift */,
			);
			name = Audio;
			sourceTree = "<group>";
		};
		1498CAAE19D77385003C6D1B /* Model */ = {
			isa = PBXGroup;
			children = (
				1473AEFD19D7742C00DFC0B9 /* COSong.swift */,
				1473AEF619D7742C00DFC0B9 /* COArtist.swift */,
				1412171119D7753500CFCBE9 /* Concerto.xcdatamodeld */,
			);
			name = Model;
			sourceTree = "<group>";
		};
/* End PBXGroup section */

/* Begin PBXNativeTarget section */
		1498CA5F19D746E8003C6D1B /* Concerto */ = {
			isa = PBXNativeTarget;
			buildConfigurationList = 1498CA8119D746E8003C6D1B /* Build configuration list for PBXNativeTarget "Concerto" */;
			buildPhases = (
				1498CA5C19D746E8003C6D1B /* Sources */,
				1498CA5D19D746E8003C6D1B /* Frameworks */,
				1498CA5E19D746E8003C6D1B /* Resources */,
			);
			buildRules = (
			);
			dependencies = (
			);
			name = Concerto;
			productName = Concerto;
			productReference = 1498CA6019D746E8003C6D1B /* Concerto.app */;
			productType = "com.apple.product-type.application";
		};
		1498CA7619D746E8003C6D1B /* ConcertoTests */ = {
			isa = PBXNativeTarget;
			buildConfigurationList = 1498CA8419D746E8003C6D1B /* Build configuration list for PBXNativeTarget "ConcertoTests" */;
			buildPhases = (
				1498CA7319D746E8003C6D1B /* Sources */,
				1498CA7419D746E8003C6D1B /* Frameworks */,
				1498CA7519D746E8003C6D1B /* Resources */,
			);
			buildRules = (
			);
			dependencies = (
				1498CA7919D746E8003C6D1B /* PBXTargetDependency */,
			);
			name = ConcertoTests;
			productName = ConcertoTests;
			productReference = 1498CA7719D746E8003C6D1B /* ConcertoTests.xctest */;
			productType = "com.apple.product-type.bundle.unit-test";
		};
/* End PBXNativeTarget section */

/* Begin PBXProject section */
		1498CA5819D746E8003C6D1B /* Project object */ = {
			isa = PBXProject;
			attributes = {
				LastUpgradeCheck = 0600;
				ORGANIZATIONNAME = "Christian Benincasa";
				TargetAttributes = {
					1498CA5F19D746E8003C6D1B = {
						CreatedOnToolsVersion = 6.1;
					};
					1498CA7619D746E8003C6D1B = {
						CreatedOnToolsVersion = 6.1;
						TestTargetID = 1498CA5F19D746E8003C6D1B;
					};
				};
			};
			buildConfigurationList = 1498CA5B19D746E8003C6D1B /* Build configuration list for PBXProject "Concerto" */;
			compatibilityVersion = "Xcode 3.2";
			developmentRegion = English;
			hasScannedForEncodings = 0;
			knownRegions = (
				en,
				Base,
			);
			mainGroup = 1498CA5719D746E8003C6D1B;
			productRefGroup = 1498CA6119D746E8003C6D1B /* Products */;
			projectDirPath = "";
			projectRoot = "";
			targets = (
				1498CA5F19D746E8003C6D1B /* Concerto */,
				1498CA7619D746E8003C6D1B /* ConcertoTests */,
			);
		};
/* End PBXProject section */

/* Begin PBXResourcesBuildPhase section */
		1498CA5E19D746E8003C6D1B /* Resources */ = {
			isa = PBXResourcesBuildPhase;
			buildActionMask = 2147483647;
			files = (
				1498CA8819D748B8003C6D1B /* Preferences.storyboard in Resources */,
				1498CA6F19D746E8003C6D1B /* Images.xcassets in Resources */,
				1498CA7219D746E8003C6D1B /* Main.storyboard in Resources */,
			);
			runOnlyForDeploymentPostprocessing = 0;
		};
		1498CA7519D746E8003C6D1B /* Resources */ = {
			isa = PBXResourcesBuildPhase;
			buildActionMask = 2147483647;
			files = (
			);
			runOnlyForDeploymentPostprocessing = 0;
		};
/* End PBXResourcesBuildPhase section */

/* Begin PBXSourcesBuildPhase section */
		1498CA5C19D746E8003C6D1B /* Sources */ = {
			isa = PBXSourcesBuildPhase;
			buildActionMask = 2147483647;
			files = (
				1412171319D7753500CFCBE9 /* Concerto.xcdatamodeld in Sources */,
				1473AF0D19D7742C00DFC0B9 /* COTableView.swift in Sources */,
				1473AF0A19D7742C00DFC0B9 /* COPlayQueue.swift in Sources */,
				1473AF0919D7742C00DFC0B9 /* COPlaylistWindowController.swift in Sources */,
				1473AF0B19D7742C00DFC0B9 /* COPreferencesView.swift in Sources */,
				1473AF1019D7742C00DFC0B9 /* NSManagedObjectContext+COAdditions.swift in Sources */,
				1473AF1219D7742C00DFC0B9 /* Utilities.swift in Sources */,
				1473AF0C19D7742C00DFC0B9 /* COSong.swift in Sources */,
				1498CA6A19D746E8003C6D1B /* AppDelegate.swift in Sources */,
				1473AF0E19D7742C00DFC0B9 /* COViewController.swift in Sources */,
				1473AF0419D7742C00DFC0B9 /* Array+COExtensions.swift in Sources */,
				1473AF1119D7742C00DFC0B9 /* Observable.swift in Sources */,
				1498CA6619D746E8003C6D1B /* main.swift in Sources */,
				1473AF0619D7742C00DFC0B9 /* COMainMenuController.swift in Sources */,
				1473AF0F19D7742C00DFC0B9 /* COWindowController.swift in Sources */,
				1473AF0819D7742C00DFC0B9 /* COPlaylistViewController.swift in Sources */,
				1473AF0719D7742C00DFC0B9 /* COOperation.swift in Sources */,
				1473AF0519D7742C00DFC0B9 /* COArtist.swift in Sources */,
			);
			runOnlyForDeploymentPostprocessing = 0;
		};
		1498CA7319D746E8003C6D1B /* Sources */ = {
			isa = PBXSourcesBuildPhase;
			buildActionMask = 2147483647;
			files = (
				1498CA7E19D746E8003C6D1B /* ConcertoTests.swift in Sources */,
			);
			runOnlyForDeploymentPostprocessing = 0;
		};
/* End PBXSourcesBuildPhase section */

/* Begin PBXTargetDependency section */
		1498CA7919D746E8003C6D1B /* PBXTargetDependency */ = {
			isa = PBXTargetDependency;
			target = 1498CA5F19D746E8003C6D1B /* Concerto */;
			targetProxy = 1498CA7819D746E8003C6D1B /* PBXContainerItemProxy */;
		};
/* End PBXTargetDependency section */

/* Begin PBXVariantGroup section */
		1498CA7019D746E8003C6D1B /* Main.storyboard */ = {
			isa = PBXVariantGroup;
			children = (
				1498CA7119D746E8003C6D1B /* Base */,
			);
			name = Main.storyboard;
			sourceTree = "<group>";
		};
/* End PBXVariantGroup section */

/* Begin XCBuildConfiguration section */
		1498CA7F19D746E8003C6D1B /* Debug */ = {
			isa = XCBuildConfiguration;
			buildSettings = {
				ALWAYS_SEARCH_USER_PATHS = NO;
				CLANG_CXX_LANGUAGE_STANDARD = "gnu++0x";
				CLANG_CXX_LIBRARY = "libc++";
				CLANG_ENABLE_MODULES = YES;
				CLANG_ENABLE_OBJC_ARC = YES;
				CLANG_WARN_BOOL_CONVERSION = YES;
				CLANG_WARN_CONSTANT_CONVERSION = YES;
				CLANG_WARN_DIRECT_OBJC_ISA_USAGE = YES_ERROR;
				CLANG_WARN_EMPTY_BODY = YES;
				CLANG_WARN_ENUM_CONVERSION = YES;
				CLANG_WARN_INT_CONVERSION = YES;
				CLANG_WARN_OBJC_ROOT_CLASS = YES_ERROR;
				CLANG_WARN_UNREACHABLE_CODE = YES;
				CLANG_WARN__DUPLICATE_METHOD_MATCH = YES;
				CODE_SIGN_IDENTITY = "-";
				COPY_PHASE_STRIP = NO;
				ENABLE_STRICT_OBJC_MSGSEND = YES;
				GCC_C_LANGUAGE_STANDARD = gnu99;
				GCC_DYNAMIC_NO_PIC = NO;
				GCC_OPTIMIZATION_LEVEL = 0;
				GCC_PREPROCESSOR_DEFINITIONS = (
					"DEBUG=1",
					"$(inherited)",
				);
				GCC_SYMBOLS_PRIVATE_EXTERN = NO;
				GCC_WARN_64_TO_32_BIT_CONVERSION = YES;
				GCC_WARN_ABOUT_RETURN_TYPE = YES_ERROR;
				GCC_WARN_UNDECLARED_SELECTOR = YES;
				GCC_WARN_UNINITIALIZED_AUTOS = YES_AGGRESSIVE;
				GCC_WARN_UNUSED_FUNCTION = YES;
				GCC_WARN_UNUSED_VARIABLE = YES;
				MACOSX_DEPLOYMENT_TARGET = 10.10;
				MTL_ENABLE_DEBUG_INFO = YES;
				ONLY_ACTIVE_ARCH = YES;
				SDKROOT = macosx;
				SWIFT_OPTIMIZATION_LEVEL = "-Onone";
			};
			name = Debug;
		};
		1498CA8019D746E8003C6D1B /* Release */ = {
			isa = XCBuildConfiguration;
			buildSettings = {
				ALWAYS_SEARCH_USER_PATHS = NO;
				CLANG_CXX_LANGUAGE_STANDARD = "gnu++0x";
				CLANG_CXX_LIBRARY = "libc++";
				CLANG_ENABLE_MODULES = YES;
				CLANG_ENABLE_OBJC_ARC = YES;
				CLANG_WARN_BOOL_CONVERSION = YES;
				CLANG_WARN_CONSTANT_CONVERSION = YES;
				CLANG_WARN_DIRECT_OBJC_ISA_USAGE = YES_ERROR;
				CLANG_WARN_EMPTY_BODY = YES;
				CLANG_WARN_ENUM_CONVERSION = YES;
				CLANG_WARN_INT_CONVERSION = YES;
				CLANG_WARN_OBJC_ROOT_CLASS = YES_ERROR;
				CLANG_WARN_UNREACHABLE_CODE = YES;
				CLANG_WARN__DUPLICATE_METHOD_MATCH = YES;
				CODE_SIGN_IDENTITY = "-";
				COPY_PHASE_STRIP = YES;
				DEBUG_INFORMATION_FORMAT = "dwarf-with-dsym";
				ENABLE_NS_ASSERTIONS = NO;
				ENABLE_STRICT_OBJC_MSGSEND = YES;
				GCC_C_LANGUAGE_STANDARD = gnu99;
				GCC_WARN_64_TO_32_BIT_CONVERSION = YES;
				GCC_WARN_ABOUT_RETURN_TYPE = YES_ERROR;
				GCC_WARN_UNDECLARED_SELECTOR = YES;
				GCC_WARN_UNINITIALIZED_AUTOS = YES_AGGRESSIVE;
				GCC_WARN_UNUSED_FUNCTION = YES;
				GCC_WARN_UNUSED_VARIABLE = YES;
				MACOSX_DEPLOYMENT_TARGET = 10.10;
				MTL_ENABLE_DEBUG_INFO = NO;
				SDKROOT = macosx;
			};
			name = Release;
		};
		1498CA8219D746E8003C6D1B /* Debug */ = {
			isa = XCBuildConfiguration;
			buildSettings = {
				ASSETCATALOG_COMPILER_APPICON_NAME = AppIcon;
				COMBINE_HIDPI_IMAGES = YES;
				INFOPLIST_FILE = Concerto/Info.plist;
				LD_RUNPATH_SEARCH_PATHS = "$(inherited) @executable_path/../Frameworks";
				PRODUCT_NAME = "$(TARGET_NAME)";
			};
			name = Debug;
		};
		1498CA8319D746E8003C6D1B /* Release */ = {
			isa = XCBuildConfiguration;
			buildSettings = {
				ASSETCATALOG_COMPILER_APPICON_NAME = AppIcon;
				COMBINE_HIDPI_IMAGES = YES;
				INFOPLIST_FILE = Concerto/Info.plist;
				LD_RUNPATH_SEARCH_PATHS = "$(inherited) @executable_path/../Frameworks";
				PRODUCT_NAME = "$(TARGET_NAME)";
			};
			name = Release;
		};
		1498CA8519D746E8003C6D1B /* Debug */ = {
			isa = XCBuildConfiguration;
			buildSettings = {
				BUNDLE_LOADER = "$(TEST_HOST)";
				COMBINE_HIDPI_IMAGES = YES;
				FRAMEWORK_SEARCH_PATHS = (
					"$(DEVELOPER_FRAMEWORKS_DIR)",
					"$(inherited)",
				);
				GCC_PREPROCESSOR_DEFINITIONS = (
					"DEBUG=1",
					"$(inherited)",
				);
				INFOPLIST_FILE = ConcertoTests/Info.plist;
				LD_RUNPATH_SEARCH_PATHS = "$(inherited) @executable_path/../Frameworks @loader_path/../Frameworks";
				PRODUCT_NAME = "$(TARGET_NAME)";
				TEST_HOST = "$(BUILT_PRODUCTS_DIR)/Concerto.app/Contents/MacOS/Concerto";
			};
			name = Debug;
		};
		1498CA8619D746E8003C6D1B /* Release */ = {
			isa = XCBuildConfiguration;
			buildSettings = {
				BUNDLE_LOADER = "$(TEST_HOST)";
				COMBINE_HIDPI_IMAGES = YES;
				FRAMEWORK_SEARCH_PATHS = (
					"$(DEVELOPER_FRAMEWORKS_DIR)",
					"$(inherited)",
				);
				INFOPLIST_FILE = ConcertoTests/Info.plist;
				LD_RUNPATH_SEARCH_PATHS = "$(inherited) @executable_path/../Frameworks @loader_path/../Frameworks";
				PRODUCT_NAME = "$(TARGET_NAME)";
				TEST_HOST = "$(BUILT_PRODUCTS_DIR)/Concerto.app/Contents/MacOS/Concerto";
			};
			name = Release;
		};
/* End XCBuildConfiguration section */

/* Begin XCConfigurationList section */
		1498CA5B19D746E8003C6D1B /* Build configuration list for PBXProject "Concerto" */ = {
			isa = XCConfigurationList;
			buildConfigurations = (
				1498CA7F19D746E8003C6D1B /* Debug */,
				1498CA8019D746E8003C6D1B /* Release */,
			);
			defaultConfigurationIsVisible = 0;
			defaultConfigurationName = Release;
		};
		1498CA8119D746E8003C6D1B /* Build configuration list for PBXNativeTarget "Concerto" */ = {
			isa = XCConfigurationList;
			buildConfigurations = (
				1498CA8219D746E8003C6D1B /* Debug */,
				1498CA8319D746E8003C6D1B /* Release */,
			);
			defaultConfigurationIsVisible = 0;
			defaultConfigurationName = Release;
		};
		1498CA8419D746E8003C6D1B /* Build configuration list for PBXNativeTarget "ConcertoTests" */ = {
			isa = XCConfigurationList;
			buildConfigurations = (
				1498CA8519D746E8003C6D1B /* Debug */,
				1498CA8619D746E8003C6D1B /* Release */,
			);
			defaultConfigurationIsVisible = 0;
			defaultConfigurationName = Release;
		};
/* End XCConfigurationList section */

/* Begin XCVersionGroup section */
		1412171119D7753500CFCBE9 /* Concerto.xcdatamodeld */ = {
			isa = XCVersionGroup;
			children = (
				1412171219D7753500CFCBE9 /* Concerto.xcdatamodel */,
			);
			currentVersion = 1412171219D7753500CFCBE9 /* Concerto.xcdatamodel */;
			path = Concerto.xcdatamodeld;
			sourceTree = "<group>";
			versionGroupType = wrapper.xcdatamodel;
		};
/* End XCVersionGroup section */
	};
	rootObject = 1498CA5819D746E8003C6D1B /* Project object */;
}
